github.com/cridenour/go-postgis v1.0.0 h1:yK82fCY6k0MBCkyeEZDFijalxLNqPECekyNlcjC/B9Q=
github.com/cridenour/go-postgis v1.0.0/go.mod h1:AtTeWrKgwtl5WjwG1oJwcc3AHIf/EC1ngklA0XZKLls=
github.com/lib/pq v1.0.0 h1:X5PMW56eZitiTeO7tKzZxFCSpbFZJtkMMooicw2us9A=
github.com/lib/pq v1.0.0/go.mod h1:5WUZQaWbwv1U+lTReE5YruASi9Al49XbQIvNi/34Woo=
github.com/rubenv/sql-migrate v0.0.0-20181213081019-5a8808c14925 h1:Kd1g/YuXjhiyHrGlppC2X3UTOEt9oHRU/yeHDKnyPZA=
github.com/rubenv/sql-migrate v0.0.0-20181213081019-5a8808c14925/go.mod h1:WS0rl9eEliYI8DPnr3TOwz4439pay+qNgzJoVya/DmY=
gopkg.in/gorp.v1 v1.7.2 h1:j3DWlAyGVv8whO7AcIWznQ2Yj7yJkn34B8s63GViAAw=
gopkg.in/gorp.v1 v1.7.2/go.mod h1:Wo3h+DBQZIxATwftsglhdD/62zRFPhGhTiu5jUJmCaw=
